// !$*UTF8*$!
{
	archiveVersion = 1;
	classes = {
	};
	objectVersion = 50;
	objects = {

/* Begin PBXBuildFile section */
		5793A53825E3F863006E54E5 /* AppDelegate.m in Sources */ = {isa = PBXBuildFile; fileRef = 5793A53725E3F863006E54E5 /* AppDelegate.m */; };
		5793A53B25E3F863006E54E5 /* SceneDelegate.m in Sources */ = {isa = PBXBuildFile; fileRef = 5793A53A25E3F863006E54E5 /* SceneDelegate.m */; };
		5793A53E25E3F863006E54E5 /* ViewController.m in Sources */ = {isa = PBXBuildFile; fileRef = 5793A53D25E3F863006E54E5 /* ViewController.m */; };
		5793A54125E3F863006E54E5 /* Main.storyboard in Resources */ = {isa = PBXBuildFile; fileRef = 5793A53F25E3F863006E54E5 /* Main.storyboard */; };
		5793A54325E3F866006E54E5 /* Assets.xcassets in Resources */ = {isa = PBXBuildFile; fileRef = 5793A54225E3F866006E54E5 /* Assets.xcassets */; };
		5793A54625E3F866006E54E5 /* LaunchScreen.storyboard in Resources */ = {isa = PBXBuildFile; fileRef = 5793A54425E3F866006E54E5 /* LaunchScreen.storyboard */; };
		5793A54925E3F866006E54E5 /* main.m in Sources */ = {isa = PBXBuildFile; fileRef = 5793A54825E3F866006E54E5 /* main.m */; };
		5793A55325E3F866006E54E5 /* HW2_MultipleScreensTests.m in Sources */ = {isa = PBXBuildFile; fileRef = 5793A55225E3F866006E54E5 /* HW2_MultipleScreensTests.m */; };
		5793A55E25E3F867006E54E5 /* HW2_MultipleScreensUITests.m in Sources */ = {isa = PBXBuildFile; fileRef = 5793A55D25E3F867006E54E5 /* HW2_MultipleScreensUITests.m */; };
		5793A57325E40040006E54E5 /* SecondViewController.m in Sources */ = {isa = PBXBuildFile; fileRef = 5793A57225E40040006E54E5 /* SecondViewController.m */; };
/* End PBXBuildFile section */

/* Begin PBXContainerItemProxy section */
		5793A54F25E3F866006E54E5 /* PBXContainerItemProxy */ = {
			isa = PBXContainerItemProxy;
			containerPortal = 5793A52B25E3F863006E54E5 /* Project object */;
			proxyType = 1;
			remoteGlobalIDString = 5793A53225E3F863006E54E5;
			remoteInfo = HW2_MultipleScreens;
		};
		5793A55A25E3F867006E54E5 /* PBXContainerItemProxy */ = {
			isa = PBXContainerItemProxy;
			containerPortal = 5793A52B25E3F863006E54E5 /* Project object */;
			proxyType = 1;
			remoteGlobalIDString = 5793A53225E3F863006E54E5;
			remoteInfo = HW2_MultipleScreens;
		};
/* End PBXContainerItemProxy section */

/* Begin PBXFileReference section */
		5793A53325E3F863006E54E5 /* HW2_MultipleScreens.app */ = {isa = PBXFileReference; explicitFileType = wrapper.application; includeInIndex = 0; path = HW2_MultipleScreens.app; sourceTree = BUILT_PRODUCTS_DIR; };
		5793A53625E3F863006E54E5 /* AppDelegate.h */ = {isa = PBXFileReference; lastKnownFileType = sourcecode.c.h; path = AppDelegate.h; sourceTree = "<group>"; };
		5793A53725E3F863006E54E5 /* AppDelegate.m */ = {isa = PBXFileReference; lastKnownFileType = sourcecode.c.objc; path = AppDelegate.m; sourceTree = "<group>"; };
		5793A53925E3F863006E54E5 /* SceneDelegate.h */ = {isa = PBXFileReference; lastKnownFileType = sourcecode.c.h; path = SceneDelegate.h; sourceTree = "<group>"; };
		5793A53A25E3F863006E54E5 /* SceneDelegate.m */ = {isa = PBXFileReference; lastKnownFileType = sourcecode.c.objc; path = SceneDelegate.m; sourceTree = "<group>"; };
		5793A53C25E3F863006E54E5 /* ViewController.h */ = {isa = PBXFileReference; lastKnownFileType = sourcecode.c.h; path = ViewController.h; sourceTree = "<group>"; };
		5793A53D25E3F863006E54E5 /* ViewController.m */ = {isa = PBXFileReference; lastKnownFileType = sourcecode.c.objc; path = ViewController.m; sourceTree = "<group>"; };
		5793A54025E3F863006E54E5 /* Base */ = {isa = PBXFileReference; lastKnownFileType = file.storyboard; name = Base; path = Base.lproj/Main.storyboard; sourceTree = "<group>"; };
		5793A54225E3F866006E54E5 /* Assets.xcassets */ = {isa = PBXFileReference; lastKnownFileType = folder.assetcatalog; path = Assets.xcassets; sourceTree = "<group>"; };
		5793A54525E3F866006E54E5 /* Base */ = {isa = PBXFileReference; lastKnownFileType = file.storyboard; name = Base; path = Base.lproj/LaunchScreen.storyboard; sourceTree = "<group>"; };
		5793A54725E3F866006E54E5 /* Info.plist */ = {isa = PBXFileReference; lastKnownFileType = text.plist.xml; path = Info.plist; sourceTree = "<group>"; };
		5793A54825E3F866006E54E5 /* main.m */ = {isa = PBXFileReference; lastKnownFileType = sourcecode.c.objc; path = main.m; sourceTree = "<group>"; };
		5793A54E25E3F866006E54E5 /* HW2_MultipleScreensTests.xctest */ = {isa = PBXFileReference; explicitFileType = wrapper.cfbundle; includeInIndex = 0; path = HW2_MultipleScreensTests.xctest; sourceTree = BUILT_PRODUCTS_DIR; };
		5793A55225E3F866006E54E5 /* HW2_MultipleScreensTests.m */ = {isa = PBXFileReference; lastKnownFileType = sourcecode.c.objc; path = HW2_MultipleScreensTests.m; sourceTree = "<group>"; };
		5793A55425E3F866006E54E5 /* Info.plist */ = {isa = PBXFileReference; lastKnownFileType = text.plist.xml; path = Info.plist; sourceTree = "<group>"; };
		5793A55925E3F867006E54E5 /* HW2_MultipleScreensUITests.xctest */ = {isa = PBXFileReference; explicitFileType = wrapper.cfbundle; includeInIndex = 0; path = HW2_MultipleScreensUITests.xctest; sourceTree = BUILT_PRODUCTS_DIR; };
		5793A55D25E3F867006E54E5 /* HW2_MultipleScreensUITests.m */ = {isa = PBXFileReference; lastKnownFileType = sourcecode.c.objc; path = HW2_MultipleScreensUITests.m; sourceTree = "<group>"; };
		5793A55F25E3F867006E54E5 /* Info.plist */ = {isa = PBXFileReference; lastKnownFileType = text.plist.xml; path = Info.plist; sourceTree = "<group>"; };
		5793A57125E40040006E54E5 /* SecondViewController.h */ = {isa = PBXFileReference; lastKnownFileType = sourcecode.c.h; path = SecondViewController.h; sourceTree = "<group>"; };
		5793A57225E40040006E54E5 /* SecondViewController.m */ = {isa = PBXFileReference; lastKnownFileType = sourcecode.c.objc; path = SecondViewController.m; sourceTree = "<group>"; };
/* End PBXFileReference section */

/* Begin PBXFrameworksBuildPhase section */
		5793A53025E3F863006E54E5 /* Frameworks */ = {
			isa = PBXFrameworksBuildPhase;
			buildActionMask = 2147483647;
			files = (
			);
			runOnlyForDeploymentPostprocessing = 0;
		};
		5793A54B25E3F866006E54E5 /* Frameworks */ = {
			isa = PBXFrameworksBuildPhase;
			buildActionMask = 2147483647;
			files = (
			);
			runOnlyForDeploymentPostprocessing = 0;
		};
		5793A55625E3F867006E54E5 /* Frameworks */ = {
			isa = PBXFrameworksBuildPhase;
			buildActionMask = 2147483647;
			files = (
			);
			runOnlyForDeploymentPostprocessing = 0;
		};
/* End PBXFrameworksBuildPhase section */

/* Begin PBXGroup section */
		5793A52A25E3F863006E54E5 = {
			isa = PBXGroup;
			children = (
				5793A53525E3F863006E54E5 /* HW2_MultipleScreens */,
				5793A55125E3F866006E54E5 /* HW2_MultipleScreensTests */,
				5793A55C25E3F867006E54E5 /* HW2_MultipleScreensUITests */,
				5793A53425E3F863006E54E5 /* Products */,
			);
			sourceTree = "<group>";
		};
		5793A53425E3F863006E54E5 /* Products */ = {
			isa = PBXGroup;
			children = (
				5793A53325E3F863006E54E5 /* HW2_MultipleScreens.app */,
				5793A54E25E3F866006E54E5 /* HW2_MultipleScreensTests.xctest */,
				5793A55925E3F867006E54E5 /* HW2_MultipleScreensUITests.xctest */,
			);
			name = Products;
			sourceTree = "<group>";
		};
		5793A53525E3F863006E54E5 /* HW2_MultipleScreens */ = {
			isa = PBXGroup;
			children = (
				5793A53625E3F863006E54E5 /* AppDelegate.h */,
				5793A53725E3F863006E54E5 /* AppDelegate.m */,
				5793A53925E3F863006E54E5 /* SceneDelegate.h */,
				5793A53A25E3F863006E54E5 /* SceneDelegate.m */,
				5793A53C25E3F863006E54E5 /* ViewController.h */,
				5793A57125E40040006E54E5 /* SecondViewController.h */,
				5793A57225E40040006E54E5 /* SecondViewController.m */,
				5793A53D25E3F863006E54E5 /* ViewController.m */,
				5793A53F25E3F863006E54E5 /* Main.storyboard */,
				5793A54225E3F866006E54E5 /* Assets.xcassets */,
				5793A54425E3F866006E54E5 /* LaunchScreen.storyboard */,
				5793A54725E3F866006E54E5 /* Info.plist */,
				5793A54825E3F866006E54E5 /* main.m */,
			);
			path = HW2_MultipleScreens;
			sourceTree = "<group>";
		};
		5793A55125E3F866006E54E5 /* HW2_MultipleScreensTests */ = {
			isa = PBXGroup;
			children = (
				5793A55225E3F866006E54E5 /* HW2_MultipleScreensTests.m */,
				5793A55425E3F866006E54E5 /* Info.plist */,
			);
			path = HW2_MultipleScreensTests;
			sourceTree = "<group>";
		};
		5793A55C25E3F867006E54E5 /* HW2_MultipleScreensUITests */ = {
			isa = PBXGroup;
			children = (
				5793A55D25E3F867006E54E5 /* HW2_MultipleScreensUITests.m */,
				5793A55F25E3F867006E54E5 /* Info.plist */,
			);
			path = HW2_MultipleScreensUITests;
			sourceTree = "<group>";
		};
/* End PBXGroup section */

/* Begin PBXNativeTarget section */
		5793A53225E3F863006E54E5 /* HW2_MultipleScreens */ = {
			isa = PBXNativeTarget;
			buildConfigurationList = 5793A56225E3F867006E54E5 /* Build configuration list for PBXNativeTarget "HW2_MultipleScreens" */;
			buildPhases = (
				5793A52F25E3F863006E54E5 /* Sources */,
				5793A53025E3F863006E54E5 /* Frameworks */,
				5793A53125E3F863006E54E5 /* Resources */,
			);
			buildRules = (
			);
			dependencies = (
			);
			name = HW2_MultipleScreens;
			productName = HW2_MultipleScreens;
			productReference = 5793A53325E3F863006E54E5 /* HW2_MultipleScreens.app */;
			productType = "com.apple.product-type.application";
		};
		5793A54D25E3F866006E54E5 /* HW2_MultipleScreensTests */ = {
			isa = PBXNativeTarget;
			buildConfigurationList = 5793A56525E3F867006E54E5 /* Build configuration list for PBXNativeTarget "HW2_MultipleScreensTests" */;
			buildPhases = (
				5793A54A25E3F866006E54E5 /* Sources */,
				5793A54B25E3F866006E54E5 /* Frameworks */,
				5793A54C25E3F866006E54E5 /* Resources */,
			);
			buildRules = (
			);
			dependencies = (
				5793A55025E3F866006E54E5 /* PBXTargetDependency */,
			);
			name = HW2_MultipleScreensTests;
			productName = HW2_MultipleScreensTests;
			productReference = 5793A54E25E3F866006E54E5 /* HW2_MultipleScreensTests.xctest */;
			productType = "com.apple.product-type.bundle.unit-test";
		};
		5793A55825E3F867006E54E5 /* HW2_MultipleScreensUITests */ = {
			isa = PBXNativeTarget;
			buildConfigurationList = 5793A56825E3F867006E54E5 /* Build configuration list for PBXNativeTarget "HW2_MultipleScreensUITests" */;
			buildPhases = (
				5793A55525E3F867006E54E5 /* Sources */,
				5793A55625E3F867006E54E5 /* Frameworks */,
				5793A55725E3F867006E54E5 /* Resources */,
			);
			buildRules = (
			);
			dependencies = (
				5793A55B25E3F867006E54E5 /* PBXTargetDependency */,
			);
			name = HW2_MultipleScreensUITests;
			productName = HW2_MultipleScreensUITests;
			productReference = 5793A55925E3F867006E54E5 /* HW2_MultipleScreensUITests.xctest */;
			productType = "com.apple.product-type.bundle.ui-testing";
		};
/* End PBXNativeTarget section */

/* Begin PBXProject section */
		5793A52B25E3F863006E54E5 /* Project object */ = {
			isa = PBXProject;
			attributes = {
				LastUpgradeCheck = 1240;
				TargetAttributes = {
					5793A53225E3F863006E54E5 = {
						CreatedOnToolsVersion = 12.4;
					};
					5793A54D25E3F866006E54E5 = {
						CreatedOnToolsVersion = 12.4;
						TestTargetID = 5793A53225E3F863006E54E5;
					};
					5793A55825E3F867006E54E5 = {
						CreatedOnToolsVersion = 12.4;
						TestTargetID = 5793A53225E3F863006E54E5;
					};
				};
			};
			buildConfigurationList = 5793A52E25E3F863006E54E5 /* Build configuration list for PBXProject "HW2_MultipleScreens" */;
			compatibilityVersion = "Xcode 9.3";
			developmentRegion = en;
			hasScannedForEncodings = 0;
			knownRegions = (
				en,
				Base,
			);
			mainGroup = 5793A52A25E3F863006E54E5;
			productRefGroup = 5793A53425E3F863006E54E5 /* Products */;
			projectDirPath = "";
			projectRoot = "";
			targets = (
				5793A53225E3F863006E54E5 /* HW2_MultipleScreens */,
				5793A54D25E3F866006E54E5 /* HW2_MultipleScreensTests */,
				5793A55825E3F867006E54E5 /* HW2_MultipleScreensUITests */,
			);
		};
/* End PBXProject section */

/* Begin PBXResourcesBuildPhase section */
		5793A53125E3F863006E54E5 /* Resources */ = {
			isa = PBXResourcesBuildPhase;
			buildActionMask = 2147483647;
			files = (
				5793A54625E3F866006E54E5 /* LaunchScreen.storyboard in Resources */,
				5793A54325E3F866006E54E5 /* Assets.xcassets in Resources */,
				5793A54125E3F863006E54E5 /* Main.storyboard in Resources */,
			);
			runOnlyForDeploymentPostprocessing = 0;
		};
		5793A54C25E3F866006E54E5 /* Resources */ = {
			isa = PBXResourcesBuildPhase;
			buildActionMask = 2147483647;
			files = (
			);
			runOnlyForDeploymentPostprocessing = 0;
		};
		5793A55725E3F867006E54E5 /* Resources */ = {
			isa = PBXResourcesBuildPhase;
			buildActionMask = 2147483647;
			files = (
			);
			runOnlyForDeploymentPostprocessing = 0;
		};
/* End PBXResourcesBuildPhase section */

/* Begin PBXSourcesBuildPhase section */
		5793A52F25E3F863006E54E5 /* Sources */ = {
			isa = PBXSourcesBuildPhase;
			buildActionMask = 2147483647;
			files = (
				5793A57325E40040006E54E5 /* SecondViewController.m in Sources */,
				5793A53E25E3F863006E54E5 /* ViewController.m in Sources */,
				5793A53825E3F863006E54E5 /* AppDelegate.m in Sources */,
				5793A54925E3F866006E54E5 /* main.m in Sources */,
				5793A53B25E3F863006E54E5 /* SceneDelegate.m in Sources */,
			);
			runOnlyForDeploymentPostprocessing = 0;
		};
		5793A54A25E3F866006E54E5 /* Sources */ = {
			isa = PBXSourcesBuildPhase;
			buildActionMask = 2147483647;
			files = (
				5793A55325E3F866006E54E5 /* HW2_MultipleScreensTests.m in Sources */,
			);
			runOnlyForDeploymentPostprocessing = 0;
		};
		5793A55525E3F867006E54E5 /* Sources */ = {
			isa = PBXSourcesBuildPhase;
			buildActionMask = 2147483647;
			files = (
				5793A55E25E3F867006E54E5 /* HW2_MultipleScreensUITests.m in Sources */,
			);
			runOnlyForDeploymentPostprocessing = 0;
		};
/* End PBXSourcesBuildPhase section */

/* Begin PBXTargetDependency section */
		5793A55025E3F866006E54E5 /* PBXTargetDependency */ = {
			isa = PBXTargetDependency;
			target = 5793A53225E3F863006E54E5 /* HW2_MultipleScreens */;
			targetProxy = 5793A54F25E3F866006E54E5 /* PBXContainerItemProxy */;
		};
		5793A55B25E3F867006E54E5 /* PBXTargetDependency */ = {
			isa = PBXTargetDependency;
			target = 5793A53225E3F863006E54E5 /* HW2_MultipleScreens */;
			targetProxy = 5793A55A25E3F867006E54E5 /* PBXContainerItemProxy */;
		};
/* End PBXTargetDependency section */

/* Begin PBXVariantGroup section */
		5793A53F25E3F863006E54E5 /* Main.storyboard */ = {
			isa = PBXVariantGroup;
			children = (
				5793A54025E3F863006E54E5 /* Base */,
			);
			name = Main.storyboard;
			sourceTree = "<group>";
		};
		5793A54425E3F866006E54E5 /* LaunchScreen.storyboard */ = {
			isa = PBXVariantGroup;
			children = (
				5793A54525E3F866006E54E5 /* Base */,
			);
			name = LaunchScreen.storyboard;
			sourceTree = "<group>";
		};
/* End PBXVariantGroup section */

/* Begin XCBuildConfiguration section */
		5793A56025E3F867006E54E5 /* Debug */ = {
			isa = XCBuildConfiguration;
			buildSettings = {
				ALWAYS_SEARCH_USER_PATHS = NO;
				CLANG_ANALYZER_NONNULL = YES;
				CLANG_ANALYZER_NUMBER_OBJECT_CONVERSION = YES_AGGRESSIVE;
				CLANG_CXX_LANGUAGE_STANDARD = "gnu++14";
				CLANG_CXX_LIBRARY = "libc++";
				CLANG_ENABLE_MODULES = YES;
				CLANG_ENABLE_OBJC_ARC = YES;
				CLANG_ENABLE_OBJC_WEAK = YES;
				CLANG_WARN_BLOCK_CAPTURE_AUTORELEASING = YES;
				CLANG_WARN_BOOL_CONVERSION = YES;
				CLANG_WARN_COMMA = YES;
				CLANG_WARN_CONSTANT_CONVERSION = YES;
				CLANG_WARN_DEPRECATED_OBJC_IMPLEMENTATIONS = YES;
				CLANG_WARN_DIRECT_OBJC_ISA_USAGE = YES_ERROR;
				CLANG_WARN_DOCUMENTATION_COMMENTS = YES;
				CLANG_WARN_EMPTY_BODY = YES;
				CLANG_WARN_ENUM_CONVERSION = YES;
				CLANG_WARN_INFINITE_RECURSION = YES;
				CLANG_WARN_INT_CONVERSION = YES;
				CLANG_WARN_NON_LITERAL_NULL_CONVERSION = YES;
				CLANG_WARN_OBJC_IMPLICIT_RETAIN_SELF = YES;
				CLANG_WARN_OBJC_LITERAL_CONVERSION = YES;
				CLANG_WARN_OBJC_ROOT_CLASS = YES_ERROR;
				CLANG_WARN_QUOTED_INCLUDE_IN_FRAMEWORK_HEADER = YES;
				CLANG_WARN_RANGE_LOOP_ANALYSIS = YES;
				CLANG_WARN_STRICT_PROTOTYPES = YES;
				CLANG_WARN_SUSPICIOUS_MOVE = YES;
				CLANG_WARN_UNGUARDED_AVAILABILITY = YES_AGGRESSIVE;
				CLANG_WARN_UNREACHABLE_CODE = YES;
				CLANG_WARN__DUPLICATE_METHOD_MATCH = YES;
				COPY_PHASE_STRIP = NO;
				DEBUG_INFORMATION_FORMAT = dwarf;
				ENABLE_STRICT_OBJC_MSGSEND = YES;
				ENABLE_TESTABILITY = YES;
				GCC_C_LANGUAGE_STANDARD = gnu11;
				GCC_DYNAMIC_NO_PIC = NO;
				GCC_NO_COMMON_BLOCKS = YES;
				GCC_OPTIMIZATION_LEVEL = 0;
				GCC_PREPROCESSOR_DEFINITIONS = (
					"DEBUG=1",
					"$(inherited)",
				);
				GCC_WARN_64_TO_32_BIT_CONVERSION = YES;
				GCC_WARN_ABOUT_RETURN_TYPE = YES_ERROR;
				GCC_WARN_UNDECLARED_SELECTOR = YES;
				GCC_WARN_UNINITIALIZED_AUTOS = YES_AGGRESSIVE;
				GCC_WARN_UNUSED_FUNCTION = YES;
				GCC_WARN_UNUSED_VARIABLE = YES;
				IPHONEOS_DEPLOYMENT_TARGET = 14.4;
				MTL_ENABLE_DEBUG_INFO = INCLUDE_SOURCE;
				MTL_FAST_MATH = YES;
				ONLY_ACTIVE_ARCH = YES;
				SDKROOT = iphoneos;
			};
			name = Debug;
		};
		5793A56125E3F867006E54E5 /* Release */ = {
			isa = XCBuildConfiguration;
			buildSettings = {
				ALWAYS_SEARCH_USER_PATHS = NO;
				CLANG_ANALYZER_NONNULL = YES;
				CLANG_ANALYZER_NUMBER_OBJECT_CONVERSION = YES_AGGRESSIVE;
				CLANG_CXX_LANGUAGE_STANDARD = "gnu++14";
				CLANG_CXX_LIBRARY = "libc++";
				CLANG_ENABLE_MODULES = YES;
				CLANG_ENABLE_OBJC_ARC = YES;
				CLANG_ENABLE_OBJC_WEAK = YES;
				CLANG_WARN_BLOCK_CAPTURE_AUTORELEASING = YES;
				CLANG_WARN_BOOL_CONVERSION = YES;
				CLANG_WARN_COMMA = YES;
				CLANG_WARN_CONSTANT_CONVERSION = YES;
				CLANG_WARN_DEPRECATED_OBJC_IMPLEMENTATIONS = YES;
				CLANG_WARN_DIRECT_OBJC_ISA_USAGE = YES_ERROR;
				CLANG_WARN_DOCUMENTATION_COMMENTS = YES;
				CLANG_WARN_EMPTY_BODY = YES;
				CLANG_WARN_ENUM_CONVERSION = YES;
				CLANG_WARN_INFINITE_RECURSION = YES;
				CLANG_WARN_INT_CONVERSION = YES;
				CLANG_WARN_NON_LITERAL_NULL_CONVERSION = YES;
				CLANG_WARN_OBJC_IMPLICIT_RETAIN_SELF = YES;
				CLANG_WARN_OBJC_LITERAL_CONVERSION = YES;
				CLANG_WARN_OBJC_ROOT_CLASS = YES_ERROR;
				CLANG_WARN_QUOTED_INCLUDE_IN_FRAMEWORK_HEADER = YES;
				CLANG_WARN_RANGE_LOOP_ANALYSIS = YES;
				CLANG_WARN_STRICT_PROTOTYPES = YES;
				CLANG_WARN_SUSPICIOUS_MOVE = YES;
				CLANG_WARN_UNGUARDED_AVAILABILITY = YES_AGGRESSIVE;
				CLANG_WARN_UNREACHABLE_CODE = YES;
				CLANG_WARN__DUPLICATE_METHOD_MATCH = YES;
				COPY_PHASE_STRIP = NO;
				DEBUG_INFORMATION_FORMAT = "dwarf-with-dsym";
				ENABLE_NS_ASSERTIONS = NO;
				ENABLE_STRICT_OBJC_MSGSEND = YES;
				GCC_C_LANGUAGE_STANDARD = gnu11;
				GCC_NO_COMMON_BLOCKS = YES;
				GCC_WARN_64_TO_32_BIT_CONVERSION = YES;
				GCC_WARN_ABOUT_RETURN_TYPE = YES_ERROR;
				GCC_WARN_UNDECLARED_SELECTOR = YES;
				GCC_WARN_UNINITIALIZED_AUTOS = YES_AGGRESSIVE;
				GCC_WARN_UNUSED_FUNCTION = YES;
				GCC_WARN_UNUSED_VARIABLE = YES;
				IPHONEOS_DEPLOYMENT_TARGET = 14.4;
				MTL_ENABLE_DEBUG_INFO = NO;
				MTL_FAST_MATH = YES;
				SDKROOT = iphoneos;
				VALIDATE_PRODUCT = YES;
			};
			name = Release;
		};
		5793A56325E3F867006E54E5 /* Debug */ = {
			isa = XCBuildConfiguration;
			buildSettings = {
				ASSETCATALOG_COMPILER_APPICON_NAME = AppIcon;
				ASSETCATALOG_COMPILER_GLOBAL_ACCENT_COLOR_NAME = AccentColor;
				CODE_SIGN_STYLE = Automatic;
				DEVELOPMENT_TEAM = 4C7WMFF7BR;
				INFOPLIST_FILE = HW2_MultipleScreens/Info.plist;
				LD_RUNPATH_SEARCH_PATHS = (
					"$(inherited)",
					"@executable_path/Frameworks",
				);
				PRODUCT_BUNDLE_IDENTIFIER = "KeremGurses.HW2-MultipleScreens";
				PRODUCT_NAME = "$(TARGET_NAME)";
				TARGETED_DEVICE_FAMILY = "1,2";
			};
			name = Debug;
		};
		5793A56425E3F867006E54E5 /* Release */ = {
			isa = XCBuildConfiguration;
			buildSettings = {
				ASSETCATALOG_COMPILER_APPICON_NAME = AppIcon;
				ASSETCATALOG_COMPILER_GLOBAL_ACCENT_COLOR_NAME = AccentColor;
				CODE_SIGN_STYLE = Automatic;
				DEVELOPMENT_TEAM = 4C7WMFF7BR;
				INFOPLIST_FILE = HW2_MultipleScreens/Info.plist;
				LD_RUNPATH_SEARCH_PATHS = (
					"$(inherited)",
					"@executable_path/Frameworks",
				);
				PRODUCT_BUNDLE_IDENTIFIER = "KeremGurses.HW2-MultipleScreens";
				PRODUCT_NAME = "$(TARGET_NAME)";
				TARGETED_DEVICE_FAMILY = "1,2";
			};
			name = Release;
		};
		5793A56625E3F867006E54E5 /* Debug */ = {
			isa = XCBuildConfiguration;
			buildSettings = {
				BUNDLE_LOADER = "$(TEST_HOST)";
				CODE_SIGN_STYLE = Automatic;
				DEVELOPMENT_TEAM = 4C7WMFF7BR;
				INFOPLIST_FILE = HW2_MultipleScreensTests/Info.plist;
				IPHONEOS_DEPLOYMENT_TARGET = 14.4;
				LD_RUNPATH_SEARCH_PATHS = (
					"$(inherited)",
					"@executable_path/Frameworks",
					"@loader_path/Frameworks",
				);
				PRODUCT_BUNDLE_IDENTIFIER = "KeremGurses.HW2-MultipleScreensTests";
				PRODUCT_NAME = "$(TARGET_NAME)";
				TARGETED_DEVICE_FAMILY = "1,2";
				TEST_HOST = "$(BUILT_PRODUCTS_DIR)/HW2_MultipleScreens.app/HW2_MultipleScreens";
			};
			name = Debug;
		};
		5793A56725E3F867006E54E5 /* Release */ = {
			isa = XCBuildConfiguration;
			buildSettings = {
				BUNDLE_LOADER = "$(TEST_HOST)";
				CODE_SIGN_STYLE = Automatic;
				DEVELOPMENT_TEAM = 4C7WMFF7BR;
				INFOPLIST_FILE = HW2_MultipleScreensTests/Info.plist;
				IPHONEOS_DEPLOYMENT_TARGET = 14.4;
				LD_RUNPATH_SEARCH_PATHS = (
					"$(inherited)",
					"@executable_path/Frameworks",
					"@loader_path/Frameworks",
				);
				PRODUCT_BUNDLE_IDENTIFIER = "KeremGurses.HW2-MultipleScreensTests";
				PRODUCT_NAME = "$(TARGET_NAME)";
				TARGETED_DEVICE_FAMILY = "1,2";
				TEST_HOST = "$(BUILT_PRODUCTS_DIR)/HW2_MultipleScreens.app/HW2_MultipleScreens";
			};
			name = Release;
		};
		5793A56925E3F867006E54E5 /* Debug */ = {
			isa = XCBuildConfiguration;
			buildSettings = {
				CODE_SIGN_STYLE = Automatic;
				DEVELOPMENT_TEAM = 4C7WMFF7BR;
				INFOPLIST_FILE = HW2_MultipleScreensUITests/Info.plist;
				LD_RUNPATH_SEARCH_PATHS = (
					"$(inherited)",
					"@executable_path/Frameworks",
					"@loader_path/Frameworks",
				);
				PRODUCT_BUNDLE_IDENTIFIER = "KeremGurses.HW2-MultipleScreensUITests";
				PRODUCT_NAME = "$(TARGET_NAME)";
				TARGETED_DEVICE_FAMILY = "1,2";
				TEST_TARGET_NAME = HW2_MultipleScreens;
			};
			name = Debug;
		};
		5793A56A25E3F867006E54E5 /* Release */ = {
			isa = XCBuildConfiguration;
			buildSettings = {
				CODE_SIGN_STYLE = Automatic;
				DEVELOPMENT_TEAM = 4C7WMFF7BR;
				INFOPLIST_FILE = HW2_MultipleScreensUITests/Info.plist;
				LD_RUNPATH_SEARCH_PATHS = (
					"$(inherited)",
					"@executable_path/Frameworks",
					"@loader_path/Frameworks",
				);
				PRODUCT_BUNDLE_IDENTIFIER = "KeremGurses.HW2-MultipleScreensUITests";
				PRODUCT_NAME = "$(TARGET_NAME)";
				TARGETED_DEVICE_FAMILY = "1,2";
				TEST_TARGET_NAME = HW2_MultipleScreens;
			};
			name = Release;
		};
/* End XCBuildConfiguration section */

/* Begin XCConfigurationList section */
		5793A52E25E3F863006E54E5 /* Build configuration list for PBXProject "HW2_MultipleScreens" */ = {
			isa = XCConfigurationList;
			buildConfigurations = (
				5793A56025E3F867006E54E5 /* Debug */,
				5793A56125E3F867006E54E5 /* Release */,
			);
			defaultConfigurationIsVisible = 0;
			defaultConfigurationName = Release;
		};
		5793A56225E3F867006E54E5 /* Build configuration list for PBXNativeTarget "HW2_MultipleScreens" */ = {
			isa = XCConfigurationList;
			buildConfigurations = (
				5793A56325E3F867006E54E5 /* Debug */,
				5793A56425E3F867006E54E5 /* Release */,
			);
			defaultConfigurationIsVisible = 0;
			defaultConfigurationName = Release;
		};
		5793A56525E3F867006E54E5 /* Build configuration list for PBXNativeTarget "HW2_MultipleScreensTests" */ = {
			isa = XCConfigurationList;
			buildConfigurations = (
				5793A56625E3F867006E54E5 /* Debug */,
				5793A56725E3F867006E54E5 /* Release */,
			);
			defaultConfigurationIsVisible = 0;
			defaultConfigurationName = Release;
		};
		5793A56825E3F867006E54E5 /* Build configuration list for PBXNativeTarget "HW2_MultipleScreensUITests" */ = {
			isa = XCConfigurationList;
			buildConfigurations = (
				5793A56925E3F867006E54E5 /* Debug */,
				5793A56A25E3F867006E54E5 /* Release */,
			);
			defaultConfigurationIsVisible = 0;
			defaultConfigurationName = Release;
		};
/* End XCConfigurationList section */
	};
	rootObject = 5793A52B25E3F863006E54E5 /* Project object */;
}
